{
  "name": "fixture-alias",
  "version": "1.0.0",
  "lockfileVersion": 3,
  "requires": true,
  "packages": {
    "": {
      "name": "fixture-alias",
      "version": "1.0.0",
      "dependencies": {
        "safe-ipc": "npm:node-ipc@9.2.3"
      }
    },
    "node_modules/safe-ipc": {
      "name": "node-ipc",
      "version": "9.2.3",
      "resolved": "https://registry.npmjs.org/node-ipc/-/node-ipc-9.2.3.tgz",
      "integrity": "sha512-FAKE_FIXTURE_DO_NOT_VERIFY=="
    }
  }
}
