# This file is automatically @generated by Cargo.
# It is not intended for manual editing.
version = 3

[[package]]
name = "innocent-crate"
version = "0.1.0"
source = "registry+https://github.com/rust-lang/crates.io-index"
checksum = "deadbeef"

[[package]]
name = "compromised-crate"
version = "1.2.3"
source = "registry+https://github.com/rust-lang/crates.io-index"
checksum = "cafebabe"

[[package]]
name = "from-git"
version = "0.1.0"
source = "git+https://github.com/foo/bar?rev=abc#abc"

[[package]]
name = "my-app"
version = "0.1.0"

[[package]]
name = "with-deps"
version = "0.5.0"
source = "registry+https://github.com/rust-lang/crates.io-index"
dependencies = [
 "innocent-crate",
]

[metadata]
"checksum innocent-crate 0.1.0 (registry+https://github.com/rust-lang/crates.io-index)" = "deadbeef"
