# This file is generated by running "yarn install" inside your project.

__metadata:
  version: 8
  cacheKey: 10c0

"lodash@npm:4.17.21":
  version: 4.17.21
  resolution: "lodash@npm:4.17.21"
  languageName: node
  linkType: hard

"safe-ipc@npm:node-ipc@9.2.3":
  version: 9.2.3
  resolution: "node-ipc@npm:9.2.3"
  languageName: node
  linkType: hard

"app@workspace:.":
  version: 0.0.0-use.local
  resolution: "app@workspace:."
  languageName: unknown
  linkType: soft
